// !$*UTF8*$!
{
	archiveVersion = 1;
	classes = {
	};
	objectVersion = 55;
	objects = {

/* Begin PBXBuildFile section */
		772CFE352837B02D00BD41EA /* AppDelegate.swift in Sources */ = {isa = PBXBuildFile; fileRef = 772CFE342837B02D00BD41EA /* AppDelegate.swift */; };
		772CFE372837B02D00BD41EA /* SceneDelegate.swift in Sources */ = {isa = PBXBuildFile; fileRef = 772CFE362837B02D00BD41EA /* SceneDelegate.swift */; };
		772CFE392837B02D00BD41EA /* ViewController.swift in Sources */ = {isa = PBXBuildFile; fileRef = 772CFE382837B02D00BD41EA /* ViewController.swift */; };
		772CFE3C2837B02D00BD41EA /* Main.storyboard in Resources */ = {isa = PBXBuildFile; fileRef = 772CFE3A2837B02D00BD41EA /* Main.storyboard */; };
		772CFE3E2837B02E00BD41EA /* Assets.xcassets in Resources */ = {isa = PBXBuildFile; fileRef = 772CFE3D2837B02E00BD41EA /* Assets.xcassets */; };
		772CFE412837B02E00BD41EA /* LaunchScreen.storyboard in Resources */ = {isa = PBXBuildFile; fileRef = 772CFE3F2837B02E00BD41EA /* LaunchScreen.storyboard */; };
		772CFE4C2837B02E00BD41EA /* QuizGameTests.swift in Sources */ = {isa = PBXBuildFile; fileRef = 772CFE4B2837B02E00BD41EA /* QuizGameTests.swift */; };
		772CFE562837B02E00BD41EA /* QuizGameUITests.swift in Sources */ = {isa = PBXBuildFile; fileRef = 772CFE552837B02E00BD41EA /* QuizGameUITests.swift */; };
		772CFE582837B02E00BD41EA /* QuizGameUITestsLaunchTests.swift in Sources */ = {isa = PBXBuildFile; fileRef = 772CFE572837B02E00BD41EA /* QuizGameUITestsLaunchTests.swift */; };
/* End PBXBuildFile section */

/* Begin PBXContainerItemProxy section */
		772CFE482837B02E00BD41EA /* PBXContainerItemProxy */ = {
			isa = PBXContainerItemProxy;
			containerPortal = 772CFE292837B02D00BD41EA /* Project object */;
			proxyType = 1;
			remoteGlobalIDString = 772CFE302837B02D00BD41EA;
			remoteInfo = QuizGame;
		};
		772CFE522837B02E00BD41EA /* PBXContainerItemProxy */ = {
			isa = PBXContainerItemProxy;
			containerPortal = 772CFE292837B02D00BD41EA /* Project object */;
			proxyType = 1;
			remoteGlobalIDString = 772CFE302837B02D00BD41EA;
			remoteInfo = QuizGame;
		};
/* End PBXContainerItemProxy section */

/* Begin PBXFileReference section */
		772CFE312837B02D00BD41EA /* QuizGame.app */ = {isa = PBXFileReference; explicitFileType = wrapper.application; includeInIndex = 0; path = QuizGame.app; sourceTree = BUILT_PRODUCTS_DIR; };
		772CFE342837B02D00BD41EA /* AppDelegate.swift */ = {isa = PBXFileReference; lastKnownFileType = sourcecode.swift; path = AppDelegate.swift; sourceTree = "<group>"; };
		772CFE362837B02D00BD41EA /* SceneDelegate.swift */ = {isa = PBXFileReference; lastKnownFileType = sourcecode.swift; path = SceneDelegate.swift; sourceTree = "<group>"; };
		772CFE382837B02D00BD41EA /* ViewController.swift */ = {isa = PBXFileReference; lastKnownFileType = sourcecode.swift; path = ViewController.swift; sourceTree = "<group>"; };
		772CFE3B2837B02D00BD41EA /* Base */ = {isa = PBXFileReference; lastKnownFileType = file.storyboard; name = Base; path = Base.lproj/Main.storyboard; sourceTree = "<group>"; };
		772CFE3D2837B02E00BD41EA /* Assets.xcassets */ = {isa = PBXFileReference; lastKnownFileType = folder.assetcatalog; path = Assets.xcassets; sourceTree = "<group>"; };
		772CFE402837B02E00BD41EA /* Base */ = {isa = PBXFileReference; lastKnownFileType = file.storyboard; name = Base; path = Base.lproj/LaunchScreen.storyboard; sourceTree = "<group>"; };
		772CFE422837B02E00BD41EA /* Info.plist */ = {isa = PBXFileReference; lastKnownFileType = text.plist.xml; path = Info.plist; sourceTree = "<group>"; };
		772CFE472837B02E00BD41EA /* QuizGameTests.xctest */ = {isa = PBXFileReference; explicitFileType = wrapper.cfbundle; includeInIndex = 0; path = QuizGameTests.xctest; sourceTree = BUILT_PRODUCTS_DIR; };
		772CFE4B2837B02E00BD41EA /* QuizGameTests.swift */ = {isa = PBXFileReference; lastKnownFileType = sourcecode.swift; path = QuizGameTests.swift; sourceTree = "<group>"; };
		772CFE512837B02E00BD41EA /* QuizGameUITests.xctest */ = {isa = PBXFileReference; explicitFileType = wrapper.cfbundle; includeInIndex = 0; path = QuizGameUITests.xctest; sourceTree = BUILT_PRODUCTS_DIR; };
		772CFE552837B02E00BD41EA /* QuizGameUITests.swift */ = {isa = PBXFileReference; lastKnownFileType = sourcecode.swift; path = QuizGameUITests.swift; sourceTree = "<group>"; };
		772CFE572837B02E00BD41EA /* QuizGameUITestsLaunchTests.swift */ = {isa = PBXFileReference; lastKnownFileType = sourcecode.swift; path = QuizGameUITestsLaunchTests.swift; sourceTree = "<group>"; };
/* End PBXFileReference section */

/* Begin PBXFrameworksBuildPhase section */
		772CFE2E2837B02D00BD41EA /* Frameworks */ = {
			isa = PBXFrameworksBuildPhase;
			buildActionMask = 2147483647;
			files = (
			);
			runOnlyForDeploymentPostprocessing = 0;
		};
		772CFE442837B02E00BD41EA /* Frameworks */ = {
			isa = PBXFrameworksBuildPhase;
			buildActionMask = 2147483647;
			files = (
			);
			runOnlyForDeploymentPostprocessing = 0;
		};
		772CFE4E2837B02E00BD41EA /* Frameworks */ = {
			isa = PBXFrameworksBuildPhase;
			buildActionMask = 2147483647;
			files = (
			);
			runOnlyForDeploymentPostprocessing = 0;
		};
/* End PBXFrameworksBuildPhase section */

/* Begin PBXGroup section */
		772CFE282837B02D00BD41EA = {
			isa = PBXGroup;
			children = (
				772CFE332837B02D00BD41EA /* QuizGame */,
				772CFE4A2837B02E00BD41EA /* QuizGameTests */,
				772CFE542837B02E00BD41EA /* QuizGameUITests */,
				772CFE322837B02D00BD41EA /* Products */,
			);
			sourceTree = "<group>";
		};
		772CFE322837B02D00BD41EA /* Products */ = {
			isa = PBXGroup;
			children = (
				772CFE312837B02D00BD41EA /* QuizGame.app */,
				772CFE472837B02E00BD41EA /* QuizGameTests.xctest */,
				772CFE512837B02E00BD41EA /* QuizGameUITests.xctest */,
			);
			name = Products;
			sourceTree = "<group>";
		};
		772CFE332837B02D00BD41EA /* QuizGame */ = {
			isa = PBXGroup;
			children = (
				772CFE342837B02D00BD41EA /* AppDelegate.swift */,
				772CFE362837B02D00BD41EA /* SceneDelegate.swift */,
				772CFE382837B02D00BD41EA /* ViewController.swift */,
				772CFE3A2837B02D00BD41EA /* Main.storyboard */,
				772CFE3D2837B02E00BD41EA /* Assets.xcassets */,
				772CFE3F2837B02E00BD41EA /* LaunchScreen.storyboard */,
				772CFE422837B02E00BD41EA /* Info.plist */,
			);
			path = QuizGame;
			sourceTree = "<group>";
		};
		772CFE4A2837B02E00BD41EA /* QuizGameTests */ = {
			isa = PBXGroup;
			children = (
				772CFE4B2837B02E00BD41EA /* QuizGameTests.swift */,
			);
			path = QuizGameTests;
			sourceTree = "<group>";
		};
		772CFE542837B02E00BD41EA /* QuizGameUITests */ = {
			isa = PBXGroup;
			children = (
				772CFE552837B02E00BD41EA /* QuizGameUITests.swift */,
				772CFE572837B02E00BD41EA /* QuizGameUITestsLaunchTests.swift */,
			);
			path = QuizGameUITests;
			sourceTree = "<group>";
		};
/* End PBXGroup section */

/* Begin PBXNativeTarget section */
		772CFE302837B02D00BD41EA /* QuizGame */ = {
			isa = PBXNativeTarget;
			buildConfigurationList = 772CFE5B2837B02E00BD41EA /* Build configuration list for PBXNativeTarget "QuizGame" */;
			buildPhases = (
				772CFE2D2837B02D00BD41EA /* Sources */,
				772CFE2E2837B02D00BD41EA /* Frameworks */,
				772CFE2F2837B02D00BD41EA /* Resources */,
			);
			buildRules = (
			);
			dependencies = (
			);
			name = QuizGame;
			productName = QuizGame;
			productReference = 772CFE312837B02D00BD41EA /* QuizGame.app */;
			productType = "com.apple.product-type.application";
		};
		772CFE462837B02E00BD41EA /* QuizGameTests */ = {
			isa = PBXNativeTarget;
			buildConfigurationList = 772CFE5E2837B02E00BD41EA /* Build configuration list for PBXNativeTarget "QuizGameTests" */;
			buildPhases = (
				772CFE432837B02E00BD41EA /* Sources */,
				772CFE442837B02E00BD41EA /* Frameworks */,
				772CFE452837B02E00BD41EA /* Resources */,
			);
			buildRules = (
			);
			dependencies = (
				772CFE492837B02E00BD41EA /* PBXTargetDependency */,
			);
			name = QuizGameTests;
			productName = QuizGameTests;
			productReference = 772CFE472837B02E00BD41EA /* QuizGameTests.xctest */;
			productType = "com.apple.product-type.bundle.unit-test";
		};
		772CFE502837B02E00BD41EA /* QuizGameUITests */ = {
			isa = PBXNativeTarget;
			buildConfigurationList = 772CFE612837B02E00BD41EA /* Build configuration list for PBXNativeTarget "QuizGameUITests" */;
			buildPhases = (
				772CFE4D2837B02E00BD41EA /* Sources */,
				772CFE4E2837B02E00BD41EA /* Frameworks */,
				772CFE4F2837B02E00BD41EA /* Resources */,
			);
			buildRules = (
			);
			dependencies = (
				772CFE532837B02E00BD41EA /* PBXTargetDependency */,
			);
			name = QuizGameUITests;
			productName = QuizGameUITests;
			productReference = 772CFE512837B02E00BD41EA /* QuizGameUITests.xctest */;
			productType = "com.apple.product-type.bundle.ui-testing";
		};
/* End PBXNativeTarget section */

/* Begin PBXProject section */
		772CFE292837B02D00BD41EA /* Project object */ = {
			isa = PBXProject;
			attributes = {
				BuildIndependentTargetsInParallel = 1;
				LastSwiftUpdateCheck = 1330;
				LastUpgradeCheck = 1330;
				TargetAttributes = {
					772CFE302837B02D00BD41EA = {
						CreatedOnToolsVersion = 13.3.1;
					};
					772CFE462837B02E00BD41EA = {
						CreatedOnToolsVersion = 13.3.1;
						TestTargetID = 772CFE302837B02D00BD41EA;
					};
					772CFE502837B02E00BD41EA = {
						CreatedOnToolsVersion = 13.3.1;
						TestTargetID = 772CFE302837B02D00BD41EA;
					};
				};
			};
			buildConfigurationList = 772CFE2C2837B02D00BD41EA /* Build configuration list for PBXProject "QuizGame" */;
			compatibilityVersion = "Xcode 13.0";
			developmentRegion = en;
			hasScannedForEncodings = 0;
			knownRegions = (
				en,
				Base,
			);
			mainGroup = 772CFE282837B02D00BD41EA;
			productRefGroup = 772CFE322837B02D00BD41EA /* Products */;
			projectDirPath = "";
			projectRoot = "";
			targets = (
				772CFE302837B02D00BD41EA /* QuizGame */,
				772CFE462837B02E00BD41EA /* QuizGameTests */,
				772CFE502837B02E00BD41EA /* QuizGameUITests */,
			);
		};
/* End PBXProject section */

/* Begin PBXResourcesBuildPhase section */
		772CFE2F2837B02D00BD41EA /* Resources */ = {
			isa = PBXResourcesBuildPhase;
			buildActionMask = 2147483647;
			files = (
				772CFE412837B02E00BD41EA /* LaunchScreen.storyboard in Resources */,
				772CFE3E2837B02E00BD41EA /* Assets.xcassets in Resources */,
				772CFE3C2837B02D00BD41EA /* Main.storyboard in Resources */,
			);
			runOnlyForDeploymentPostprocessing = 0;
		};
		772CFE452837B02E00BD41EA /* Resources */ = {
			isa = PBXResourcesBuildPhase;
			buildActionMask = 2147483647;
			files = (
			);
			runOnlyForDeploymentPostprocessing = 0;
		};
		772CFE4F2837B02E00BD41EA /* Resources */ = {
			isa = PBXResourcesBuildPhase;
			buildActionMask = 2147483647;
			files = (
			);
			runOnlyForDeploymentPostprocessing = 0;
		};
/* End PBXResourcesBuildPhase section */

/* Begin PBXSourcesBuildPhase section */
		772CFE2D2837B02D00BD41EA /* Sources */ = {
			isa = PBXSourcesBuildPhase;
			buildActionMask = 2147483647;
			files = (
				772CFE392837B02D00BD41EA /* ViewController.swift in Sources */,
				772CFE352837B02D00BD41EA /* AppDelegate.swift in Sources */,
				772CFE372837B02D00BD41EA /* SceneDelegate.swift in Sources */,
			);
			runOnlyForDeploymentPostprocessing = 0;
		};
		772CFE432837B02E00BD41EA /* Sources */ = {
			isa = PBXSourcesBuildPhase;
			buildActionMask = 2147483647;
			files = (
				772CFE4C2837B02E00BD41EA /* QuizGameTests.swift in Sources */,
			);
			runOnlyForDeploymentPostprocessing = 0;
		};
		772CFE4D2837B02E00BD41EA /* Sources */ = {
			isa = PBXSourcesBuildPhase;
			buildActionMask = 2147483647;
			files = (
				772CFE582837B02E00BD41EA /* QuizGameUITestsLaunchTests.swift in Sources */,
				772CFE562837B02E00BD41EA /* QuizGameUITests.swift in Sources */,
			);
			runOnlyForDeploymentPostprocessing = 0;
		};
/* End PBXSourcesBuildPhase section */

/* Begin PBXTargetDependency section */
		772CFE492837B02E00BD41EA /* PBXTargetDependency */ = {
			isa = PBXTargetDependency;
			target = 772CFE302837B02D00BD41EA /* QuizGame */;
			targetProxy = 772CFE482837B02E00BD41EA /* PBXContainerItemProxy */;
		};
		772CFE532837B02E00BD41EA /* PBXTargetDependency */ = {
			isa = PBXTargetDependency;
			target = 772CFE302837B02D00BD41EA /* QuizGame */;
			targetProxy = 772CFE522837B02E00BD41EA /* PBXContainerItemProxy */;
		};
/* End PBXTargetDependency section */

/* Begin PBXVariantGroup section */
		772CFE3A2837B02D00BD41EA /* Main.storyboard */ = {
			isa = PBXVariantGroup;
			children = (
				772CFE3B2837B02D00BD41EA /* Base */,
			);
			name = Main.storyboard;
			sourceTree = "<group>";
		};
		772CFE3F2837B02E00BD41EA /* LaunchScreen.storyboard */ = {
			isa = PBXVariantGroup;
			children = (
				772CFE402837B02E00BD41EA /* Base */,
			);
			name = LaunchScreen.storyboard;
			sourceTree = "<group>";
		};
/* End PBXVariantGroup section */

/* Begin XCBuildConfiguration section */
		772CFE592837B02E00BD41EA /* Debug */ = {
			isa = XCBuildConfiguration;
			buildSettings = {
				ALWAYS_SEARCH_USER_PATHS = NO;
				CLANG_ANALYZER_NONNULL = YES;
				CLANG_ANALYZER_NUMBER_OBJECT_CONVERSION = YES_AGGRESSIVE;
				CLANG_CXX_LANGUAGE_STANDARD = "gnu++17";
				CLANG_ENABLE_MODULES = YES;
				CLANG_ENABLE_OBJC_ARC = YES;
				CLANG_ENABLE_OBJC_WEAK = YES;
				CLANG_WARN_BLOCK_CAPTURE_AUTORELEASING = YES;
				CLANG_WARN_BOOL_CONVERSION = YES;
				CLANG_WARN_COMMA = YES;
				CLANG_WARN_CONSTANT_CONVERSION = YES;
				CLANG_WARN_DEPRECATED_OBJC_IMPLEMENTATIONS = YES;
				CLANG_WARN_DIRECT_OBJC_ISA_USAGE = YES_ERROR;
				CLANG_WARN_DOCUMENTATION_COMMENTS = YES;
				CLANG_WARN_EMPTY_BODY = YES;
				CLANG_WARN_ENUM_CONVERSION = YES;
				CLANG_WARN_INFINITE_RECURSION = YES;
				CLANG_WARN_INT_CONVERSION = YES;
				CLANG_WARN_NON_LITERAL_NULL_CONVERSION = YES;
				CLANG_WARN_OBJC_IMPLICIT_RETAIN_SELF = YES;
				CLANG_WARN_OBJC_LITERAL_CONVERSION = YES;
				CLANG_WARN_OBJC_ROOT_CLASS = YES_ERROR;
				CLANG_WARN_QUOTED_INCLUDE_IN_FRAMEWORK_HEADER = YES;
				CLANG_WARN_RANGE_LOOP_ANALYSIS = YES;
				CLANG_WARN_STRICT_PROTOTYPES = YES;
				CLANG_WARN_SUSPICIOUS_MOVE = YES;
				CLANG_WARN_UNGUARDED_AVAILABILITY = YES_AGGRESSIVE;
				CLANG_WARN_UNREACHABLE_CODE = YES;
				CLANG_WARN__DUPLICATE_METHOD_MATCH = YES;
				COPY_PHASE_STRIP = NO;
				DEBUG_INFORMATION_FORMAT = dwarf;
				ENABLE_STRICT_OBJC_MSGSEND = YES;
				ENABLE_TESTABILITY = YES;
				GCC_C_LANGUAGE_STANDARD = gnu11;
				GCC_DYNAMIC_NO_PIC = NO;
				GCC_NO_COMMON_BLOCKS = YES;
				GCC_OPTIMIZATION_LEVEL = 0;
				GCC_PREPROCESSOR_DEFINITIONS = (
					"DEBUG=1",
					"$(inherited)",
				);
				GCC_WARN_64_TO_32_BIT_CONVERSION = YES;
				GCC_WARN_ABOUT_RETURN_TYPE = YES_ERROR;
				GCC_WARN_UNDECLARED_SELECTOR = YES;
				GCC_WARN_UNINITIALIZED_AUTOS = YES_AGGRESSIVE;
				GCC_WARN_UNUSED_FUNCTION = YES;
				GCC_WARN_UNUSED_VARIABLE = YES;
				IPHONEOS_DEPLOYMENT_TARGET = 15.4;
				MTL_ENABLE_DEBUG_INFO = INCLUDE_SOURCE;
				MTL_FAST_MATH = YES;
				ONLY_ACTIVE_ARCH = YES;
				SDKROOT = iphoneos;
				SWIFT_ACTIVE_COMPILATION_CONDITIONS = DEBUG;
				SWIFT_OPTIMIZATION_LEVEL = "-Onone";
			};
			name = Debug;
		};
		772CFE5A2837B02E00BD41EA /* Release */ = {
			isa = XCBuildConfiguration;
			buildSettings = {
				ALWAYS_SEARCH_USER_PATHS = NO;
				CLANG_ANALYZER_NONNULL = YES;
				CLANG_ANALYZER_NUMBER_OBJECT_CONVERSION = YES_AGGRESSIVE;
				CLANG_CXX_LANGUAGE_STANDARD = "gnu++17";
				CLANG_ENABLE_MODULES = YES;
				CLANG_ENABLE_OBJC_ARC = YES;
				CLANG_ENABLE_OBJC_WEAK = YES;
				CLANG_WARN_BLOCK_CAPTURE_AUTORELEASING = YES;
				CLANG_WARN_BOOL_CONVERSION = YES;
				CLANG_WARN_COMMA = YES;
				CLANG_WARN_CONSTANT_CONVERSION = YES;
				CLANG_WARN_DEPRECATED_OBJC_IMPLEMENTATIONS = YES;
				CLANG_WARN_DIRECT_OBJC_ISA_USAGE = YES_ERROR;
				CLANG_WARN_DOCUMENTATION_COMMENTS = YES;
				CLANG_WARN_EMPTY_BODY = YES;
				CLANG_WARN_ENUM_CONVERSION = YES;
				CLANG_WARN_INFINITE_RECURSION = YES;
				CLANG_WARN_INT_CONVERSION = YES;
				CLANG_WARN_NON_LITERAL_NULL_CONVERSION = YES;
				CLANG_WARN_OBJC_IMPLICIT_RETAIN_SELF = YES;
				CLANG_WARN_OBJC_LITERAL_CONVERSION = YES;
				CLANG_WARN_OBJC_ROOT_CLASS = YES_ERROR;
				CLANG_WARN_QUOTED_INCLUDE_IN_FRAMEWORK_HEADER = YES;
				CLANG_WARN_RANGE_LOOP_ANALYSIS = YES;
				CLANG_WARN_STRICT_PROTOTYPES = YES;
				CLANG_WARN_SUSPICIOUS_MOVE = YES;
				CLANG_WARN_UNGUARDED_AVAILABILITY = YES_AGGRESSIVE;
				CLANG_WARN_UNREACHABLE_CODE = YES;
				CLANG_WARN__DUPLICATE_METHOD_MATCH = YES;
				COPY_PHASE_STRIP = NO;
				DEBUG_INFORMATION_FORMAT = "dwarf-with-dsym";
				ENABLE_NS_ASSERTIONS = NO;
				ENABLE_STRICT_OBJC_MSGSEND = YES;
				GCC_C_LANGUAGE_STANDARD = gnu11;
				GCC_NO_COMMON_BLOCKS = YES;
				GCC_WARN_64_TO_32_BIT_CONVERSION = YES;
				GCC_WARN_ABOUT_RETURN_TYPE = YES_ERROR;
				GCC_WARN_UNDECLARED_SELECTOR = YES;
				GCC_WARN_UNINITIALIZED_AUTOS = YES_AGGRESSIVE;
				GCC_WARN_UNUSED_FUNCTION = YES;
				GCC_WARN_UNUSED_VARIABLE = YES;
				IPHONEOS_DEPLOYMENT_TARGET = 15.4;
				MTL_ENABLE_DEBUG_INFO = NO;
				MTL_FAST_MATH = YES;
				SDKROOT = iphoneos;
				SWIFT_COMPILATION_MODE = wholemodule;
				SWIFT_OPTIMIZATION_LEVEL = "-O";
				VALIDATE_PRODUCT = YES;
			};
			name = Release;
		};
		772CFE5C2837B02E00BD41EA /* Debug */ = {
			isa = XCBuildConfiguration;
			buildSettings = {
				ASSETCATALOG_COMPILER_APPICON_NAME = AppIcon;
				ASSETCATALOG_COMPILER_GLOBAL_ACCENT_COLOR_NAME = AccentColor;
				CODE_SIGN_STYLE = Automatic;
				CURRENT_PROJECT_VERSION = 1;
				GENERATE_INFOPLIST_FILE = YES;
				INFOPLIST_FILE = QuizGame/Info.plist;
				INFOPLIST_KEY_UIApplicationSupportsIndirectInputEvents = YES;
				INFOPLIST_KEY_UILaunchStoryboardName = LaunchScreen;
				INFOPLIST_KEY_UIMainStoryboardFile = Main;
				INFOPLIST_KEY_UISupportedInterfaceOrientations_iPad = "UIInterfaceOrientationPortrait UIInterfaceOrientationPortraitUpsideDown UIInterfaceOrientationLandscapeLeft UIInterfaceOrientationLandscapeRight";
				INFOPLIST_KEY_UISupportedInterfaceOrientations_iPhone = "UIInterfaceOrientationPortrait UIInterfaceOrientationLandscapeLeft UIInterfaceOrientationLandscapeRight";
				LD_RUNPATH_SEARCH_PATHS = (
					"$(inherited)",
					"@executable_path/Frameworks",
				);
				MARKETING_VERSION = 1.0;
				PRODUCT_BUNDLE_IDENTIFIER = com.afeka.QuizGame;
				PRODUCT_NAME = "$(TARGET_NAME)";
				SWIFT_EMIT_LOC_STRINGS = YES;
				SWIFT_VERSION = 5.0;
				TARGETED_DEVICE_FAMILY = "1,2";
			};
			name = Debug;
		};
		772CFE5D2837B02E00BD41EA /* Release */ = {
			isa = XCBuildConfiguration;
			buildSettings = {
				ASSETCATALOG_COMPILER_APPICON_NAME = AppIcon;
				ASSETCATALOG_COMPILER_GLOBAL_ACCENT_COLOR_NAME = AccentColor;
				CODE_SIGN_STYLE = Automatic;
				CURRENT_PROJECT_VERSION = 1;
				GENERATE_INFOPLIST_FILE = YES;
				INFOPLIST_FILE = QuizGame/Info.plist;
				INFOPLIST_KEY_UIApplicationSupportsIndirectInputEvents = YES;
				INFOPLIST_KEY_UILaunchStoryboardName = LaunchScreen;
				INFOPLIST_KEY_UIMainStoryboardFile = Main;
				INFOPLIST_KEY_UISupportedInterfaceOrientations_iPad = "UIInterfaceOrientationPortrait UIInterfaceOrientationPortraitUpsideDown UIInterfaceOrientationLandscapeLeft UIInterfaceOrientationLandscapeRight";
				INFOPLIST_KEY_UISupportedInterfaceOrientations_iPhone = "UIInterfaceOrientationPortrait UIInterfaceOrientationLandscapeLeft UIInterfaceOrientationLandscapeRight";
				LD_RUNPATH_SEARCH_PATHS = (
					"$(inherited)",
					"@executable_path/Frameworks",
				);
				MARKETING_VERSION = 1.0;
				PRODUCT_BUNDLE_IDENTIFIER = com.afeka.QuizGame;
				PRODUCT_NAME = "$(TARGET_NAME)";
				SWIFT_EMIT_LOC_STRINGS = YES;
				SWIFT_VERSION = 5.0;
				TARGETED_DEVICE_FAMILY = "1,2";
			};
			name = Release;
		};
		772CFE5F2837B02E00BD41EA /* Debug */ = {
			isa = XCBuildConfiguration;
			buildSettings = {
				ALWAYS_EMBED_SWIFT_STANDARD_LIBRARIES = YES;
				BUNDLE_LOADER = "$(TEST_HOST)";
				CODE_SIGN_STYLE = Automatic;
				CURRENT_PROJECT_VERSION = 1;
				GENERATE_INFOPLIST_FILE = YES;
				IPHONEOS_DEPLOYMENT_TARGET = 15.4;
				MARKETING_VERSION = 1.0;
				PRODUCT_BUNDLE_IDENTIFIER = com.afeka.QuizGameTests;
				PRODUCT_NAME = "$(TARGET_NAME)";
				SWIFT_EMIT_LOC_STRINGS = NO;
				SWIFT_VERSION = 5.0;
				TARGETED_DEVICE_FAMILY = "1,2";
				TEST_HOST = "$(BUILT_PRODUCTS_DIR)/QuizGame.app/QuizGame";
			};
			name = Debug;
		};
		772CFE602837B02E00BD41EA /* Release */ = {
			isa = XCBuildConfiguration;
			buildSettings = {
				ALWAYS_EMBED_SWIFT_STANDARD_LIBRARIES = YES;
				BUNDLE_LOADER = "$(TEST_HOST)";
				CODE_SIGN_STYLE = Automatic;
				CURRENT_PROJECT_VERSION = 1;
				GENERATE_INFOPLIST_FILE = YES;
				IPHONEOS_DEPLOYMENT_TARGET = 15.4;
				MARKETING_VERSION = 1.0;
				PRODUCT_BUNDLE_IDENTIFIER = com.afeka.QuizGameTests;
				PRODUCT_NAME = "$(TARGET_NAME)";
				SWIFT_EMIT_LOC_STRINGS = NO;
				SWIFT_VERSION = 5.0;
				TARGETED_DEVICE_FAMILY = "1,2";
				TEST_HOST = "$(BUILT_PRODUCTS_DIR)/QuizGame.app/QuizGame";
			};
			name = Release;
		};
		772CFE622837B02E00BD41EA /* Debug */ = {
			isa = XCBuildConfiguration;
			buildSettings = {
				ALWAYS_EMBED_SWIFT_STANDARD_LIBRARIES = YES;
				CODE_SIGN_STYLE = Automatic;
				CURRENT_PROJECT_VERSION = 1;
				GENERATE_INFOPLIST_FILE = YES;
				MARKETING_VERSION = 1.0;
				PRODUCT_BUNDLE_IDENTIFIER = com.afeka.QuizGameUITests;
				PRODUCT_NAME = "$(TARGET_NAME)";
				SWIFT_EMIT_LOC_STRINGS = NO;
				SWIFT_VERSION = 5.0;
				TARGETED_DEVICE_FAMILY = "1,2";
				TEST_TARGET_NAME = QuizGame;
			};
			name = Debug;
		};
		772CFE632837B02E00BD41EA /* Release */ = {
			isa = XCBuildConfiguration;
			buildSettings = {
				ALWAYS_EMBED_SWIFT_STANDARD_LIBRARIES = YES;
				CODE_SIGN_STYLE = Automatic;
				CURRENT_PROJECT_VERSION = 1;
				GENERATE_INFOPLIST_FILE = YES;
				MARKETING_VERSION = 1.0;
				PRODUCT_BUNDLE_IDENTIFIER = com.afeka.QuizGameUITests;
				PRODUCT_NAME = "$(TARGET_NAME)";
				SWIFT_EMIT_LOC_STRINGS = NO;
				SWIFT_VERSION = 5.0;
				TARGETED_DEVICE_FAMILY = "1,2";
				TEST_TARGET_NAME = QuizGame;
			};
			name = Release;
		};
/* End XCBuildConfiguration section */

/* Begin XCConfigurationList section */
		772CFE2C2837B02D00BD41EA /* Build configuration list for PBXProject "QuizGame" */ = {
			isa = XCConfigurationList;
			buildConfigurations = (
				772CFE592837B02E00BD41EA /* Debug */,
				772CFE5A2837B02E00BD41EA /* Release */,
			);
			defaultConfigurationIsVisible = 0;
			defaultConfigurationName = Release;
		};
		772CFE5B2837B02E00BD41EA /* Build configuration list for PBXNativeTarget "QuizGame" */ = {
			isa = XCConfigurationList;
			buildConfigurations = (
				772CFE5C2837B02E00BD41EA /* Debug */,
				772CFE5D2837B02E00BD41EA /* Release */,
			);
			defaultConfigurationIsVisible = 0;
			defaultConfigurationName = Release;
		};
		772CFE5E2837B02E00BD41EA /* Build configuration list for PBXNativeTarget "QuizGameTests" */ = {
			isa = XCConfigurationList;
			buildConfigurations = (
				772CFE5F2837B02E00BD41EA /* Debug */,
				772CFE602837B02E00BD41EA /* Release */,
			);
			defaultConfigurationIsVisible = 0;
			defaultConfigurationName = Release;
		};
		772CFE612837B02E00BD41EA /* Build configuration list for PBXNativeTarget "QuizGameUITests" */ = {
			isa = XCConfigurationList;
			buildConfigurations = (
				772CFE622837B02E00BD41EA /* Debug */,
				772CFE632837B02E00BD41EA /* Release */,
			);
			defaultConfigurationIsVisible = 0;
			defaultConfigurationName = Release;
		};
/* End XCConfigurationList section */
	};
	rootObject = 772CFE292837B02D00BD41EA /* Project object */;
}
